{
  "lockfileVersion": 1,
  "workspaces": {
    "": {
      "name": "examples",
      "dependencies": {
        "@vot.js/node": "^2.2.0",
        "@vot.js/shared": "^2.2.0",
      },
      "devDependencies": {
        "@types/bun": "latest",
      },
      "peerDependencies": {
        "typescript": "^5.0.0",
      },
    },
  },
  "packages": {
    "@bufbuild/protobuf": ["@bufbuild/protobuf@2.2.3", "", {}, "sha512-tFQoXHJdkEOSwj5tRIZSPNUuXK3RaR7T1nUrPgbYX1pUbvqqaaZAsfo+NXBPsz5rZMSKVFrgK1WL8Q/MSLvprg=="],

    "@types/bun": ["@types/bun@1.2.0", "", { "dependencies": { "bun-types": "1.2.0" } }, "sha512-5N1JqdahfpBlAv4wy6svEYcd/YfO2GNrbL95JOmFx8nkE6dbK4R0oSE5SpBA4vBRqgrOUAXF8Dpiz+gi7r80SA=="],

    "@types/node": ["@types/node@22.10.10", "", { "dependencies": { "undici-types": "~6.20.0" } }, "sha512-X47y/mPNzxviAGY5TcYPtYL8JsY3kAq2n8fMmKoRCxq/c4v4pyGNCzM2R6+M5/umG4ZfHuT+sgqDYqWc9rJ6ww=="],

    "@types/ws": ["@types/ws@8.5.14", "", { "dependencies": { "@types/node": "*" } }, "sha512-bd/YFLW+URhBzMXurx7lWByOu+xzU9+kb3RboOteXYDfW+tr+JZa99OyNmPINEGB/ahzKrEuc8rcv4gnpJmxTw=="],

    "@vot.js/core": ["@vot.js/core@2.2.0", "", { "dependencies": { "@vot.js/shared": "^2.2.0" }, "peerDependencies": { "typescript": "^5.0.0" } }, "sha512-0Z3YcQQpKBoxr/v1Pr5R9haqLeyjGWUNc/JUcj0JJ8nJtcy1GCtHTh6A8xH3QCMZ8l14B+T38uxu35AiwVw8Rg=="],

    "@vot.js/node": ["@vot.js/node@2.2.0", "", { "dependencies": { "@vot.js/core": "^2.2.0", "@vot.js/shared": "^2.2.0", "dom-parser": "^1.1.5", "undici": "^7.2.3" }, "peerDependencies": { "typescript": "^5.0.0" } }, "sha512-7/eMsLD2cryCkFTSFLtqZUyXIH5Kxkv4WFGNiDvxi2Mt51VZY/NzWSOuVirOqiY4qfcIt8zQjh09UZj1vzqPEQ=="],

    "@vot.js/shared": ["@vot.js/shared@2.2.0", "", { "dependencies": { "@bufbuild/protobuf": "^2.0.0" }, "peerDependencies": { "typescript": "^5.0.0" } }, "sha512-aKqsJlfx9Ht4om44bQJkzILGgSsqdGSITg/H2NVMYbjZi8bkbYhK1hpXpXc9DtDCBlwAJj3zJhFX+kHtZyzJdg=="],

    "bun-types": ["bun-types@1.2.0", "", { "dependencies": { "@types/node": "*", "@types/ws": "~8.5.10" } }, "sha512-KEaJxyZfbV/c4eyG0vyehDpYmBGreNiQbZIqvVHJwZ4BmeuWlNZ7EAzMN2Zcd7ailmS/tGVW0BgYbGf+lGEpWw=="],

    "dom-parser": ["dom-parser@1.1.5", "", {}, "sha512-lCiFG48ZUzGXjKN0qhSkxD/i3ndyV6I37zQ3W2VFYLjF1ob8A+QgSsM7Ps2UT0d3LpJxLMmMHiJJ34z5hkKLiA=="],

    "typescript": ["typescript@5.7.3", "", { "bin": { "tsc": "bin/tsc", "tsserver": "bin/tsserver" } }, "sha512-84MVSjMEHP+FQRPy3pX9sTVV/INIex71s9TL2Gm5FG/WG1SqXeKyZ0k7/blY/4FdOzI12CBy1vGc4og/eus0fw=="],

    "undici": ["undici@7.3.0", "", {}, "sha512-Qy96NND4Dou5jKoSJ2gm8ax8AJM/Ey9o9mz7KN1bb9GP+G0l20Zw8afxTnY2f4b7hmhn/z8aC2kfArVQlAhFBw=="],

    "undici-types": ["undici-types@6.20.0", "", {}, "sha512-Ny6QZ2Nju20vw1SRHe3d9jVu6gJ+4e3+MMpqu7pqE5HT6WsTSlce++GQmK5UXS8mzV8DSYHrQH+Xrf2jVcuKNg=="],
  }
}
